
Microsoft Visual Studio Solution File, Format Version 12.00
# Visual Studio 15
VisualStudioVersion = 15.0.27130.2010
MinimumVisualStudioVersion = 10.0.40219.1
Project("{FAE04EC0-301F-11D3-BF4B-00C04F79EFBC}") = "UCMRS", "UCMRS\UCMRS.csproj", "{65442140-D4D4-4A16-A965-A643A3FFBDF4}"
EndProject
Global
	GlobalSection(SolutionConfigurationPlatforms) = preSolution
		Debug|Any CPU = Debug|Any CPU
		Release|Any CPU = Release|Any CPU
	EndGlobalSection
	GlobalSection(ProjectConfigurationPlatforms) = postSolution
		{65442140-D4D4-4A16-A965-A643A3FFBDF4}.Debug|Any CPU.ActiveCfg = Debug|Any CPU
		{65442140-D4D4-4A16-A965-A643A3FFBDF4}.Debug|Any CPU.Build.0 = Debug|Any CPU
		{65442140-D4D4-4A16-A965-A643A3FFBDF4}.Release|Any CPU.ActiveCfg = Release|Any CPU
		{65442140-D4D4-4A16-A965-A643A3FFBDF4}.Release|Any CPU.Build.0 = Release|Any CPU
	EndGlobalSection
	GlobalSection(SolutionProperties) = preSolution
		HideSolutionNode = FALSE
	EndGlobalSection
	GlobalSection(ExtensibilityGlobals) = postSolution
		SolutionGuid = {F05F7BBE-A870-46BF-8FC1-BA6D988D605C}
	EndGlobalSection
EndGlobal
